
Microsoft Visual Studio Solution File, Format Version 12.00
# Visual Studio Version 17
VisualStudioVersion = 17.13.35931.197 d17.13
MinimumVisualStudioVersion = 10.0.40219.1
Project("{FAE04EC0-301F-11D3-BF4B-00C04F79EFBC}") = "ServerSideIntent", "ServerSideIntent\ServerSideIntent.csproj", "{56FDFB06-6B4E-48CC-81D0-FCFE921E7486}"
EndProject
Global
	GlobalSection(SolutionConfigurationPlatforms) = preSolution
		Debug|Any CPU = Debug|Any CPU
		Release|Any CPU = Release|Any CPU
	EndGlobalSection
	GlobalSection(ProjectConfigurationPlatforms) = postSolution
		{56FDFB06-6B4E-48CC-81D0-FCFE921E7486}.Debug|Any CPU.ActiveCfg = Debug|Any CPU
		{56FDFB06-6B4E-48CC-81D0-FCFE921E7486}.Debug|Any CPU.Build.0 = Debug|Any CPU
		{56FDFB06-6B4E-48CC-81D0-FCFE921E7486}.Release|Any CPU.ActiveCfg = Release|Any CPU
		{56FDFB06-6B4E-48CC-81D0-FCFE921E7486}.Release|Any CPU.Build.0 = Release|Any CPU
	EndGlobalSection
	GlobalSection(SolutionProperties) = preSolution
		HideSolutionNode = FALSE
	EndGlobalSection
	GlobalSection(ExtensibilityGlobals) = postSolution
		SolutionGuid = {26A8B12E-7297-4541-858D-C4AB02296E7D}
	EndGlobalSection
EndGlobal
